
Microsoft Visual Studio Solution File, Format Version 12.00
# Visual Studio Version 16
VisualStudioVersion = 16.0.29102.190
MinimumVisualStudioVersion = 10.0.40219.1
Project("{FAE04EC0-301F-11D3-BF4B-00C04F79EFBC}") = "APImasterCode.Android", "APImasterCode\APImasterCode.Android\APImasterCode.Android.csproj", "{4A29CDD6-5CF7-4796-B08D-FC9A2741A2EF}"
EndProject
Project("{FAE04EC0-301F-11D3-BF4B-00C04F79EFBC}") = "APImasterCode.iOS", "APImasterCode\APImasterCode.iOS\APImasterCode.iOS.csproj", "{6522DCC8-5C69-4F9F-8F8E-A84C10762703}"
EndProject
Project("{FAE04EC0-301F-11D3-BF4B-00C04F79EFBC}") = "APImasterCode", "APImasterCode\APImasterCode\APImasterCode.csproj", "{823BB958-8106-4A39-8D3D-79B5CB5D2A81}"
EndProject
Global
	GlobalSection(SolutionConfigurationPlatforms) = preSolution
		Debug|Any CPU = Debug|Any CPU
		Debug|iPhone = Debug|iPhone
		Debug|iPhoneSimulator = Debug|iPhoneSimulator
		Release|Any CPU = Release|Any CPU
		Release|iPhone = Release|iPhone
		Release|iPhoneSimulator = Release|iPhoneSimulator
	EndGlobalSection
	GlobalSection(ProjectConfigurationPlatforms) = postSolution
		{4A29CDD6-5CF7-4796-B08D-FC9A2741A2EF}.Debug|Any CPU.ActiveCfg = Debug|Any CPU
		{4A29CDD6-5CF7-4796-B08D-FC9A2741A2EF}.Debug|Any CPU.Build.0 = Debug|Any CPU
		{4A29CDD6-5CF7-4796-B08D-FC9A2741A2EF}.Debug|Any CPU.Deploy.0 = Debug|Any CPU
		{4A29CDD6-5CF7-4796-B08D-FC9A2741A2EF}.Debug|iPhone.ActiveCfg = Debug|Any CPU
		{4A29CDD6-5CF7-4796-B08D-FC9A2741A2EF}.Debug|iPhone.Build.0 = Debug|Any CPU
		{4A29CDD6-5CF7-4796-B08D-FC9A2741A2EF}.Debug|iPhone.Deploy.0 = Debug|Any CPU
		{4A29CDD6-5CF7-4796-B08D-FC9A2741A2EF}.Debug|iPhoneSimulator.ActiveCfg = Debug|Any CPU
		{4A29CDD6-5CF7-4796-B08D-FC9A2741A2EF}.Debug|iPhoneSimulator.Build.0 = Debug|Any CPU
		{4A29CDD6-5CF7-4796-B08D-FC9A2741A2EF}.Debug|iPhoneSimulator.Deploy.0 = Debug|Any CPU
		{4A29CDD6-5CF7-4796-B08D-FC9A2741A2EF}.Release|Any CPU.ActiveCfg = Release|Any CPU
		{4A29CDD6-5CF7-4796-B08D-FC9A2741A2EF}.Release|Any CPU.Build.0 = Release|Any CPU
		{4A29CDD6-5CF7-4796-B08D-FC9A2741A2EF}.Release|Any CPU.Deploy.0 = Release|Any CPU
		{4A29CDD6-5CF7-4796-B08D-FC9A2741A2EF}.Release|iPhone.ActiveCfg = Release|Any CPU
		{4A29CDD6-5CF7-4796-B08D-FC9A2741A2EF}.Release|iPhone.Build.0 = Release|Any CPU
		{4A29CDD6-5CF7-4796-B08D-FC9A2741A2EF}.Release|iPhone.Deploy.0 = Release|Any CPU
		{4A29CDD6-5CF7-4796-B08D-FC9A2741A2EF}.Release|iPhoneSimulator.ActiveCfg = Release|Any CPU
		{4A29CDD6-5CF7-4796-B08D-FC9A2741A2EF}.Release|iPhoneSimulator.Build.0 = Release|Any CPU
		{4A29CDD6-5CF7-4796-B08D-FC9A2741A2EF}.Release|iPhoneSimulator.Deploy.0 = Release|Any CPU
		{6522DCC8-5C69-4F9F-8F8E-A84C10762703}.Debug|Any CPU.ActiveCfg = Debug|iPhoneSimulator
		{6522DCC8-5C69-4F9F-8F8E-A84C10762703}.Debug|Any CPU.Build.0 = Debug|iPhoneSimulator
		{6522DCC8-5C69-4F9F-8F8E-A84C10762703}.Debug|Any CPU.Deploy.0 = Debug|iPhoneSimulator
		{6522DCC8-5C69-4F9F-8F8E-A84C10762703}.Debug|iPhone.ActiveCfg = Debug|iPhone
		{6522DCC8-5C69-4F9F-8F8E-A84C10762703}.Debug|iPhone.Build.0 = Debug|iPhone
		{6522DCC8-5C69-4F9F-8F8E-A84C10762703}.Debug|iPhone.Deploy.0 = Debug|iPhone
		{6522DCC8-5C69-4F9F-8F8E-A84C10762703}.Debug|iPhoneSimulator.ActiveCfg = Debug|iPhoneSimulator
		{6522DCC8-5C69-4F9F-8F8E-A84C10762703}.Debug|iPhoneSimulator.Build.0 = Debug|iPhoneSimulator
		{6522DCC8-5C69-4F9F-8F8E-A84C10762703}.Debug|iPhoneSimulator.Deploy.0 = Debug|iPhoneSimulator
		{6522DCC8-5C69-4F9F-8F8E-A84C10762703}.Release|Any CPU.ActiveCfg = Release|iPhone
		{6522DCC8-5C69-4F9F-8F8E-A84C10762703}.Release|Any CPU.Build.0 = Release|iPhone
		{6522DCC8-5C69-4F9F-8F8E-A84C10762703}.Release|Any CPU.Deploy.0 = Release|iPhone
		{6522DCC8-5C69-4F9F-8F8E-A84C10762703}.Release|iPhone.ActiveCfg = Release|iPhone
		{6522DCC8-5C69-4F9F-8F8E-A84C10762703}.Release|iPhone.Build.0 = Release|iPhone
		{6522DCC8-5C69-4F9F-8F8E-A84C10762703}.Release|iPhone.Deploy.0 = Release|iPhone
		{6522DCC8-5C69-4F9F-8F8E-A84C10762703}.Release|iPhoneSimulator.ActiveCfg = Release|iPhoneSimulator
		{6522DCC8-5C69-4F9F-8F8E-A84C10762703}.Release|iPhoneSimulator.Build.0 = Release|iPhoneSimulator
		{6522DCC8-5C69-4F9F-8F8E-A84C10762703}.Release|iPhoneSimulator.Deploy.0 = Release|iPhoneSimulator
		{823BB958-8106-4A39-8D3D-79B5CB5D2A81}.Debug|Any CPU.ActiveCfg = Debug|Any CPU
		{823BB958-8106-4A39-8D3D-79B5CB5D2A81}.Debug|Any CPU.Build.0 = Debug|Any CPU
		{823BB958-8106-4A39-8D3D-79B5CB5D2A81}.Debug|Any CPU.Deploy.0 = Debug|Any CPU
		{823BB958-8106-4A39-8D3D-79B5CB5D2A81}.Debug|iPhone.ActiveCfg = Debug|Any CPU
		{823BB958-8106-4A39-8D3D-79B5CB5D2A81}.Debug|iPhone.Build.0 = Debug|Any CPU
		{823BB958-8106-4A39-8D3D-79B5CB5D2A81}.Debug|iPhone.Deploy.0 = Debug|Any CPU
		{823BB958-8106-4A39-8D3D-79B5CB5D2A81}.Debug|iPhoneSimulator.ActiveCfg = Debug|Any CPU
		{823BB958-8106-4A39-8D3D-79B5CB5D2A81}.Debug|iPhoneSimulator.Build.0 = Debug|Any CPU
		{823BB958-8106-4A39-8D3D-79B5CB5D2A81}.Debug|iPhoneSimulator.Deploy.0 = Debug|Any CPU
		{823BB958-8106-4A39-8D3D-79B5CB5D2A81}.Release|Any CPU.ActiveCfg = Release|Any CPU
		{823BB958-8106-4A39-8D3D-79B5CB5D2A81}.Release|Any CPU.Build.0 = Release|Any CPU
		{823BB958-8106-4A39-8D3D-79B5CB5D2A81}.Release|Any CPU.Deploy.0 = Release|Any CPU
		{823BB958-8106-4A39-8D3D-79B5CB5D2A81}.Release|iPhone.ActiveCfg = Release|Any CPU
		{823BB958-8106-4A39-8D3D-79B5CB5D2A81}.Release|iPhone.Build.0 = Release|Any CPU
		{823BB958-8106-4A39-8D3D-79B5CB5D2A81}.Release|iPhone.Deploy.0 = Release|Any CPU
		{823BB958-8106-4A39-8D3D-79B5CB5D2A81}.Release|iPhoneSimulator.ActiveCfg = Release|Any CPU
		{823BB958-8106-4A39-8D3D-79B5CB5D2A81}.Release|iPhoneSimulator.Build.0 = Release|Any CPU
		{823BB958-8106-4A39-8D3D-79B5CB5D2A81}.Release|iPhoneSimulator.Deploy.0 = Release|Any CPU
	EndGlobalSection
	GlobalSection(SolutionProperties) = preSolution
		HideSolutionNode = FALSE
	EndGlobalSection
	GlobalSection(ExtensibilityGlobals) = postSolution
		SolutionGuid = {C5C909DF-FA6A-4B6B-B171-5961C373E06E}
	EndGlobalSection
EndGlobal
